
Microsoft Visual Studio Solution File, Format Version 12.00
# Visual Studio 15
VisualStudioVersion = 15.0.28307.421
MinimumVisualStudioVersion = 10.0.40219.1
Project("{8BC9CEB8-8B4A-11D0-8D11-00A0C91BC942}") = "Snake2D", "Snake2D\Snake2D.vcxproj", "{48074C16-BF97-48FF-8917-52F6F8CBA575}"
EndProject
Global
	GlobalSection(SolutionConfigurationPlatforms) = preSolution
		Debug|x64 = Debug|x64
		Debug|x86 = Debug|x86
		Release|x64 = Release|x64
		Release|x86 = Release|x86
	EndGlobalSection
	GlobalSection(ProjectConfigurationPlatforms) = postSolution
		{48074C16-BF97-48FF-8917-52F6F8CBA575}.Debug|x64.ActiveCfg = Debug|x64
		{48074C16-BF97-48FF-8917-52F6F8CBA575}.Debug|x64.Build.0 = Debug|x64
		{48074C16-BF97-48FF-8917-52F6F8CBA575}.Debug|x86.ActiveCfg = Debug|Win32
		{48074C16-BF97-48FF-8917-52F6F8CBA575}.Debug|x86.Build.0 = Debug|Win32
		{48074C16-BF97-48FF-8917-52F6F8CBA575}.Release|x64.ActiveCfg = Release|x64
		{48074C16-BF97-48FF-8917-52F6F8CBA575}.Release|x64.Build.0 = Release|x64
		{48074C16-BF97-48FF-8917-52F6F8CBA575}.Release|x86.ActiveCfg = Release|Win32
		{48074C16-BF97-48FF-8917-52F6F8CBA575}.Release|x86.Build.0 = Release|Win32
	EndGlobalSection
	GlobalSection(SolutionProperties) = preSolution
		HideSolutionNode = FALSE
	EndGlobalSection
	GlobalSection(ExtensibilityGlobals) = postSolution
		SolutionGuid = {3CB2E9BB-9819-41A9-BBA1-AFCD40132BA5}
	EndGlobalSection
EndGlobal
